{
  "name": "tolo-pay",
  "lockfileVersion": 2,
  "requires": true,
  "packages": {
    "": {
      "dependencies": {
        "@material-ui/icons": "^4.11.3",
        "react-router-dom": "^6.4.0"
      }
    },
    "node_modules/@babel/runtime": {
      "version": "7.19.0",
      "resolved": "https://registry.npmjs.org/@babel/runtime/-/runtime-7.19.0.tgz",
      "integrity": "sha512-eR8Lo9hnDS7tqkO7NsV+mKvCmv5boaXFSZ70DnfhcgiEne8hv9oCEd36Klw74EtizEqLsy4YnW8UWwpBVolHZA==",
      "dependencies": {
        "regenerator-runtime": "^0.13.4"
      },
      "engines": {
        "node": ">=6.9.0"
      }
    },
    "node_modules/@material-ui/icons": {
      "version": "4.11.3",
      "resolved": "https://registry.npmjs.org/@material-ui/icons/-/icons-4.11.3.tgz",
      "integrity": "sha512-IKHlyx6LDh8n19vzwH5RtHIOHl9Tu90aAAxcbWME6kp4dmvODM3UvOHJeMIDzUbd4muuJKHmlNoBN+mDY4XkBA==",
      "dependencies": {
        "@babel/runtime": "^7.4.4"
      },
      "engines": {
        "node": ">=8.0.0"
      },
      "peerDependencies": {
        "@material-ui/core": "^4.0.0",
        "@types/react": "^16.8.6 || ^17.0.0",
        "react": "^16.8.0 || ^17.0.0",
        "react-dom": "^16.8.0 || ^17.0.0"
      },
      "peerDependenciesMeta": {
        "@types/react": {
          "optional": true
        }
      }
    },
    "node_modules/@remix-run/router": {
      "version": "1.0.0",
      "resolved": "https://registry.npmjs.org/@remix-run/router/-/router-1.0.0.tgz",
      "integrity": "sha512-SCR1cxRSMNKjaVYptCzBApPDqGwa3FGdjVHc+rOToocNPHQdIYLZBfv/3f+KvYuXDkUGVIW9IAzmPNZDRL1I4A==",
      "engines": {
        "node": ">=14"
      }
    },
    "node_modules/react-router": {
      "version": "6.4.0",
      "resolved": "https://registry.npmjs.org/react-router/-/react-router-6.4.0.tgz",
      "integrity": "sha512-B+5bEXFlgR1XUdHYR6P94g299SjrfCBMmEDJNcFbpAyRH1j1748yt9NdDhW3++nw1lk3zQJ6aOO66zUx3KlTZg==",
      "dependencies": {
        "@remix-run/router": "1.0.0"
      },
      "engines": {
        "node": ">=14"
      },
      "peerDependencies": {
        "react": ">=16.8"
      }
    },
    "node_modules/react-router-dom": {
      "version": "6.4.0",
      "resolved": "https://registry.npmjs.org/react-router-dom/-/react-router-dom-6.4.0.tgz",
      "integrity": "sha512-4Aw1xmXKeleYYQ3x0Lcl2undHR6yMjXZjd9DKZd53SGOYqirrUThyUb0wwAX5VZAyvSuzjNJmZlJ3rR9+/vzqg==",
      "dependencies": {
        "react-router": "6.4.0"
      },
      "engines": {
        "node": ">=14"
      },
      "peerDependencies": {
        "react": ">=16.8",
        "react-dom": ">=16.8"
      }
    },
    "node_modules/regenerator-runtime": {
      "version": "0.13.9",
      "resolved": "https://registry.npmjs.org/regenerator-runtime/-/regenerator-runtime-0.13.9.tgz",
      "integrity": "sha512-p3VT+cOEgxFsRRA9X4lkI1E+k2/CtnKtU4gcxyaCUreilL/vqI6CdZ3wxVUx3UOUg+gnUOQQcRI7BmSI656MYA=="
    }
  },
  "dependencies": {
    "@babel/runtime": {
      "version": "7.19.0",
      "resolved": "https://registry.npmjs.org/@babel/runtime/-/runtime-7.19.0.tgz",
      "integrity": "sha512-eR8Lo9hnDS7tqkO7NsV+mKvCmv5boaXFSZ70DnfhcgiEne8hv9oCEd36Klw74EtizEqLsy4YnW8UWwpBVolHZA==",
      "requires": {
        "regenerator-runtime": "^0.13.4"
      }
    },
    "@material-ui/icons": {
      "version": "4.11.3",
      "resolved": "https://registry.npmjs.org/@material-ui/icons/-/icons-4.11.3.tgz",
      "integrity": "sha512-IKHlyx6LDh8n19vzwH5RtHIOHl9Tu90aAAxcbWME6kp4dmvODM3UvOHJeMIDzUbd4muuJKHmlNoBN+mDY4XkBA==",
      "requires": {
        "@babel/runtime": "^7.4.4"
      }
    },
    "@remix-run/router": {
      "version": "1.0.0",
      "resolved": "https://registry.npmjs.org/@remix-run/router/-/router-1.0.0.tgz",
      "integrity": "sha512-SCR1cxRSMNKjaVYptCzBApPDqGwa3FGdjVHc+rOToocNPHQdIYLZBfv/3f+KvYuXDkUGVIW9IAzmPNZDRL1I4A=="
    },
    "react-router": {
      "version": "6.4.0",
      "resolved": "https://registry.npmjs.org/react-router/-/react-router-6.4.0.tgz",
      "integrity": "sha512-B+5bEXFlgR1XUdHYR6P94g299SjrfCBMmEDJNcFbpAyRH1j1748yt9NdDhW3++nw1lk3zQJ6aOO66zUx3KlTZg==",
      "requires": {
        "@remix-run/router": "1.0.0"
      }
    },
    "react-router-dom": {
      "version": "6.4.0",
      "resolved": "https://registry.npmjs.org/react-router-dom/-/react-router-dom-6.4.0.tgz",
      "integrity": "sha512-4Aw1xmXKeleYYQ3x0Lcl2undHR6yMjXZjd9DKZd53SGOYqirrUThyUb0wwAX5VZAyvSuzjNJmZlJ3rR9+/vzqg==",
      "requires": {
        "react-router": "6.4.0"
      }
    },
    "regenerator-runtime": {
      "version": "0.13.9",
      "resolved": "https://registry.npmjs.org/regenerator-runtime/-/regenerator-runtime-0.13.9.tgz",
      "integrity": "sha512-p3VT+cOEgxFsRRA9X4lkI1E+k2/CtnKtU4gcxyaCUreilL/vqI6CdZ3wxVUx3UOUg+gnUOQQcRI7BmSI656MYA=="
    }
  }
}
